// !$*UTF8*$!
{
	archiveVersion = 1;
	classes = {
	};
	objectVersion = 55;
	objects = {

/* Begin PBXBuildFile section */
		B00000000000 = {isa = PBXBuildFile; fileRef = F00000000000; };
		B00010000000 = {isa = PBXBuildFile; fileRef = F00010000000; };
		B00020000000 = {isa = PBXBuildFile; fileRef = F00020000000; };
		B00030000000 = {isa = PBXBuildFile; fileRef = F00030000000; };
		B00040000000 = {isa = PBXBuildFile; fileRef = F00040000000; };
		B00050000000 = {isa = PBXBuildFile; fileRef = F00050000000; };
		B00060000000 = {isa = PBXBuildFile; fileRef = F00060000000; };
		B00070000000 = {isa = PBXBuildFile; fileRef = F00070000000; };
		B00080000000 = {isa = PBXBuildFile; fileRef = F00080000000; };
		B00090000000 = {isa = PBXBuildFile; fileRef = F00090000000; };
		B000A000000 = {isa = PBXBuildFile; fileRef = F000A000000; };
		B000B000000 = {isa = PBXBuildFile; fileRef = F000B000000; };
		B000C000000 = {isa = PBXBuildFile; fileRef = F000C000000; };
		B000D000000 = {isa = PBXBuildFile; fileRef = F000D000000; };
		B000E000000 = {isa = PBXBuildFile; fileRef = F000E000000; };
		B000F000000 = {isa = PBXBuildFile; fileRef = F000F000000; };
		B0010000000 = {isa = PBXBuildFile; fileRef = F0010000000; };
		B0011000000 = {isa = PBXBuildFile; fileRef = F0011000000; };
		B0012000000 = {isa = PBXBuildFile; fileRef = F0012000000; };
		B0013000000 = {isa = PBXBuildFile; fileRef = F0013000000; };
		B0014000000 = {isa = PBXBuildFile; fileRef = F0014000000; };
		B0015000000 = {isa = PBXBuildFile; fileRef = F0015000000; };
		B0016000000 = {isa = PBXBuildFile; fileRef = F0016000000; };
		B0017000000 = {isa = PBXBuildFile; fileRef = F0017000000; };
		B0018000000 = {isa = PBXBuildFile; fileRef = F0018000000; };
		B0019000000 = {isa = PBXBuildFile; fileRef = F0019000000; };
		B001A000000 = {isa = PBXBuildFile; fileRef = F001A000000; };
		B001B000000 = {isa = PBXBuildFile; fileRef = F001B000000; };
		B001C000000 = {isa = PBXBuildFile; fileRef = F001C000000; };
		B001D000000 = {isa = PBXBuildFile; fileRef = F001D000000; };
		B001E000000 = {isa = PBXBuildFile; fileRef = F001E000000; };
		B001F000000 = {isa = PBXBuildFile; fileRef = F001F000000; };
		B0020000000 = {isa = PBXBuildFile; fileRef = F0020000000; };
		B0021000000 = {isa = PBXBuildFile; fileRef = F0021000000; };
		B0022000000 = {isa = PBXBuildFile; fileRef = F0022000000; };
		B0023000000 = {isa = PBXBuildFile; fileRef = F0023000000; };
		B0024000000 = {isa = PBXBuildFile; fileRef = F0024000000; };
		B0025000000 = {isa = PBXBuildFile; fileRef = F0025000000; };
		B0026000000 = {isa = PBXBuildFile; fileRef = F0026000000; };
		B0027000000 = {isa = PBXBuildFile; fileRef = F0027000000; };
		B0028000000 = {isa = PBXBuildFile; fileRef = F0028000000; };
		B0029000000 = {isa = PBXBuildFile; fileRef = F0029000000; };
		B002A000000 = {isa = PBXBuildFile; fileRef = F002A000000; };
		R00000000001 = {isa = PBXBuildFile; fileRef = R00000000002; };
		R00000000003 = {isa = PBXBuildFile; fileRef = R00000000004; };
/* End PBXBuildFile section */

/* Begin PBXFileReference section */
		F00000000000 = {isa = PBXFileReference; lastKnownFileType = sourcecode.swift; path = Sources/DashcamApp/AppearanceManager.swift; sourceTree = "<group>"; };
		F00010000000 = {isa = PBXFileReference; lastKnownFileType = sourcecode.swift; path = Sources/DashcamApp/AppearanceView.swift; sourceTree = "<group>"; };
		F00020000000 = {isa = PBXFileReference; lastKnownFileType = sourcecode.swift; path = Sources/DashcamApp/AudioAndWatchView.swift; sourceTree = "<group>"; };
		F00030000000 = {isa = PBXFileReference; lastKnownFileType = sourcecode.swift; path = Sources/DashcamApp/AudioEventDetector.swift; sourceTree = "<group>"; };
		F00040000000 = {isa = PBXFileReference; lastKnownFileType = sourcecode.swift; path = Sources/DashcamApp/AutoStartRecordingManager.swift; sourceTree = "<group>"; };
		F00050000000 = {isa = PBXFileReference; lastKnownFileType = sourcecode.swift; path = Sources/DashcamApp/BatteryMonitorManager.swift; sourceTree = "<group>"; };
		F00060000000 = {isa = PBXFileReference; lastKnownFileType = sourcecode.swift; path = Sources/DashcamApp/BatteryStatusView.swift; sourceTree = "<group>"; };
		F00070000000 = {isa = PBXFileReference; lastKnownFileType = sourcecode.swift; path = Sources/DashcamApp/CameraCapabilityChecker.swift; sourceTree = "<group>"; };
		F00080000000 = {isa = PBXFileReference; lastKnownFileType = sourcecode.swift; path = Sources/DashcamApp/CameraDashcamViewModel.swift; sourceTree = "<group>"; };
		F00090000000 = {isa = PBXFileReference; lastKnownFileType = sourcecode.swift; path = Sources/DashcamApp/CameraInfo.swift; sourceTree = "<group>"; };
		F000A000000 = {isa = PBXFileReference; lastKnownFileType = sourcecode.swift; path = Sources/DashcamApp/ContentView.swift; sourceTree = "<group>"; };
		F000B000000 = {isa = PBXFileReference; lastKnownFileType = sourcecode.swift; path = Sources/DashcamApp/CrashDetectionManager.swift; sourceTree = "<group>"; };
		F000C000000 = {isa = PBXFileReference; lastKnownFileType = sourcecode.swift; path = Sources/DashcamApp/DashcamApp.swift; sourceTree = "<group>"; };
		F000D000000 = {isa = PBXFileReference; lastKnownFileType = sourcecode.swift; path = Sources/DashcamApp/EmergencySOSManager.swift; sourceTree = "<group>"; };
		F000E000000 = {isa = PBXFileReference; lastKnownFileType = sourcecode.swift; path = Sources/DashcamApp/FPSCounter.swift; sourceTree = "<group>"; };
		F000F000000 = {isa = PBXFileReference; lastKnownFileType = sourcecode.swift; path = Sources/DashcamApp/FileProtectionManager.swift; sourceTree = "<group>"; };
		F0010000000 = {isa = PBXFileReference; lastKnownFileType = sourcecode.swift; path = Sources/DashcamApp/FilesView.swift; sourceTree = "<group>"; };
		F0011000000 = {isa = PBXFileReference; lastKnownFileType = sourcecode.swift; path = Sources/DashcamApp/GForceMonitor.swift; sourceTree = "<group>"; };
		F0012000000 = {isa = PBXFileReference; lastKnownFileType = sourcecode.swift; path = Sources/DashcamApp/LiveCameraFeedView.swift; sourceTree = "<group>"; };
		F0013000000 = {isa = PBXFileReference; lastKnownFileType = sourcecode.swift; path = Sources/DashcamApp/LocationManager.swift; sourceTree = "<group>"; };
		F0014000000 = {isa = PBXFileReference; lastKnownFileType = sourcecode.swift; path = Sources/DashcamApp/LowPowerModeMonitor.swift; sourceTree = "<group>"; };
		F0015000000 = {isa = PBXFileReference; lastKnownFileType = sourcecode.swift; path = Sources/DashcamApp/LowPowerModeView.swift; sourceTree = "<group>"; };
		F0016000000 = {isa = PBXFileReference; lastKnownFileType = sourcecode.swift; path = Sources/DashcamApp/MultiCameraPreviewView.swift; sourceTree = "<group>"; };
		F0017000000 = {isa = PBXFileReference; lastKnownFileType = sourcecode.swift; path = Sources/DashcamApp/NightModeManager.swift; sourceTree = "<group>"; };
		F0018000000 = {isa = PBXFileReference; lastKnownFileType = sourcecode.swift; path = Sources/DashcamApp/ParkingModeManager.swift; sourceTree = "<group>"; };
		F0019000000 = {isa = PBXFileReference; lastKnownFileType = sourcecode.swift; path = Sources/DashcamApp/PerformanceDashboardView.swift; sourceTree = "<group>"; };
		F001A000000 = {isa = PBXFileReference; lastKnownFileType = sourcecode.swift; path = Sources/DashcamApp/PerformanceLogger.swift; sourceTree = "<group>"; };
		F001B000000 = {isa = PBXFileReference; lastKnownFileType = sourcecode.swift; path = Sources/DashcamApp/PermissionStatusManager.swift; sourceTree = "<group>"; };
		F001C000000 = {isa = PBXFileReference; lastKnownFileType = sourcecode.swift; path = Sources/DashcamApp/PermissionStatusView.swift; sourceTree = "<group>"; };
		F001D000000 = {isa = PBXFileReference; lastKnownFileType = sourcecode.swift; path = Sources/DashcamApp/PiPCameraView.swift; sourceTree = "<group>"; };
		F001E000000 = {isa = PBXFileReference; lastKnownFileType = sourcecode.swift; path = Sources/DashcamApp/RealtimeVideoWriter.swift; sourceTree = "<group>"; };
		F001F000000 = {isa = PBXFileReference; lastKnownFileType = sourcecode.swift; path = Sources/DashcamApp/SettingsView.swift; sourceTree = "<group>"; };
		F0020000000 = {isa = PBXFileReference; lastKnownFileType = sourcecode.swift; path = Sources/DashcamApp/SiriDashcamIntents.swift; sourceTree = "<group>"; };
		F0021000000 = {isa = PBXFileReference; lastKnownFileType = sourcecode.swift; path = Sources/DashcamApp/StorageLocationManager.swift; sourceTree = "<group>"; };
		F0022000000 = {isa = PBXFileReference; lastKnownFileType = sourcecode.swift; path = Sources/DashcamApp/StorageManager.swift; sourceTree = "<group>"; };
		F0023000000 = {isa = PBXFileReference; lastKnownFileType = sourcecode.swift; path = Sources/DashcamApp/SystemPressureMonitor.swift; sourceTree = "<group>"; };
		F0024000000 = {isa = PBXFileReference; lastKnownFileType = sourcecode.swift; path = Sources/DashcamApp/SystemPressureView.swift; sourceTree = "<group>"; };
		F0025000000 = {isa = PBXFileReference; lastKnownFileType = sourcecode.swift; path = Sources/DashcamApp/VideoCodecManager.swift; sourceTree = "<group>"; };
		F0026000000 = {isa = PBXFileReference; lastKnownFileType = sourcecode.swift; path = Sources/DashcamApp/VideoQualityManager.swift; sourceTree = "<group>"; };
		F0027000000 = {isa = PBXFileReference; lastKnownFileType = sourcecode.swift; path = Sources/DashcamApp/VideoWatermarkProcessor.swift; sourceTree = "<group>"; };
		F0028000000 = {isa = PBXFileReference; lastKnownFileType = sourcecode.swift; path = Sources/DashcamApp/WatchConnectivityManager.swift; sourceTree = "<group>"; };
		F0029000000 = {isa = PBXFileReference; lastKnownFileType = sourcecode.swift; path = Sources/DashcamApp/WatermarkTextGenerator.swift; sourceTree = "<group>"; };
		F002A000000 = {isa = PBXFileReference; lastKnownFileType = sourcecode.swift; path = Sources/DashcamApp/WatermarkView.swift; sourceTree = "<group>"; };
		R00000000002 = {isa = PBXFileReference; lastKnownFileType = folder.assetcatalog; path = Resources/Assets.xcassets; sourceTree = "<group>"; };
		R00000000004 = {isa = PBXFileReference; lastKnownFileType = file.storyboard; path = Resources/LaunchScreen.storyboard; sourceTree = "<group>"; };
		P00000000001 = {isa = PBXFileReference; lastKnownFileType = text.plist.xml; path = Info.plist; sourceTree = SOURCE_ROOT; };
		P00000000002 = {isa = PBXFileReference; explicitFileType = wrapper.application; includeInIndex = 0; path = Dcam.app; sourceTree = BUILT_PRODUCTS_DIR; };
/* End PBXFileReference section */

/* Begin PBXGroup section */
		P00000000011 = {
			isa = PBXGroup;
			children = (
				F00000000000,
				F00010000000,
				F00020000000,
				F00030000000,
				F00040000000,
				F00050000000,
				F00060000000,
				F00070000000,
				F00080000000,
				F00090000000,
				F000A000000,
				F000B000000,
				F000C000000,
				F000D000000,
				F000E000000,
				F000F000000,
				F0010000000,
				F0011000000,
				F0012000000,
				F0013000000,
				F0014000000,
				F0015000000,
				F0016000000,
				F0017000000,
				F0018000000,
				F0019000000,
				F001A000000,
				F001B000000,
				F001C000000,
				F001D000000,
				F001E000000,
				F001F000000,
				F0020000000,
				F0021000000,
				F0022000000,
				F0023000000,
				F0024000000,
				F0025000000,
				F0026000000,
				F0027000000,
				F0028000000,
				F0029000000,
				F002A000000,
				R00000000002,
				R00000000004,
				P00000000001,
				P00000000021,
			);
			sourceTree = "<group>";
		};
		P00000000021 = {
			isa = PBXGroup;
			children = (
				P00000000002,
			);
			name = Products;
			sourceTree = "<group>";
		};
/* End PBXGroup section */

/* Begin PBXNativeTarget section */
		P00000000031 = {
			isa = PBXNativeTarget;
			buildConfigurationList = P00000000051;
			buildPhases = (
				P00000000041,
				P00000000042,
			);
			buildRules = (
			);
			dependencies = (
			);
			name = Dcam;
			productName = Dcam;
			productReference = P00000000002;
			productType = "com.apple.product-type.application";
		};
/* End PBXNativeTarget section */

/* Begin PBXProject section */
		P00000000061 = {
			isa = PBXProject;
			attributes = {
				BuildIndependentTargetsInParallel = 1;
				LastSwiftUpdateCheck = 1300;
				LastUpgradeCheck = 1300;
				ORGANIZATIONNAME = "Dashcam App";
				TargetAttributes = {
					P00000000031 = {
						CreatedOnToolsVersion = 13.0;
					};
				};
			};
			buildConfigurationList = P00000000062;
			compatibilityVersion = "Xcode 9.3";
			developmentRegion = en;
			hasScannedForEncodings = 0;
			knownRegions = (
				en,
				Base,
			);
			mainGroup = P00000000011;
			productRefGroup = P00000000021;
			projectDirPath = "";
			projectRoot = "";
			targets = (
				P00000000031,
			);
		};
/* End PBXProject section */

/* Begin PBXSourcesBuildPhase section */
		P00000000041 = {
			isa = PBXSourcesBuildPhase;
			buildActionMask = 2147483647;
			files = (
				B00000000000,
				B00010000000,
				B00020000000,
				B00030000000,
				B00040000000,
				B00050000000,
				B00060000000,
				B00070000000,
				B00080000000,
				B00090000000,
				B000A000000,
				B000B000000,
				B000C000000,
				B000D000000,
				B000E000000,
				B000F000000,
				B0010000000,
				B0011000000,
				B0012000000,
				B0013000000,
				B0014000000,
				B0015000000,
				B0016000000,
				B0017000000,
				B0018000000,
				B0019000000,
				B001A000000,
				B001B000000,
				B001C000000,
				B001D000000,
				B001E000000,
				B001F000000,
				B0020000000,
				B0021000000,
				B0022000000,
				B0023000000,
				B0024000000,
				B0025000000,
				B0026000000,
				B0027000000,
				B0028000000,
				B0029000000,
				B002A000000,
			);
			runOnlyForDeploymentPostprocessing = 0;
		};
/* End PBXSourcesBuildPhase section */

/* Begin PBXResourcesBuildPhase section */
		P00000000042 = {
			isa = PBXResourcesBuildPhase;
			buildActionMask = 2147483647;
			files = (
				R00000000001,
				R00000000003,
			);
			runOnlyForDeploymentPostprocessing = 0;
		};
/* End PBXResourcesBuildPhase section */

/* Begin XCBuildConfiguration section */
		P00000000070 = {
			isa = XCBuildConfiguration;
			buildSettings = {
				ALWAYS_SEARCH_USER_PATHS = NO;
				CLANG_ANALYZER_NONNULL = YES;
				CLANG_CXX_LANGUAGE_DIALECT = "c++17";
				CLANG_CXX_LIBRARY = "libc++";
				CLANG_ENABLE_MODULES = YES;
				CLANG_ENABLE_OBJC_ARC = YES;
				CLANG_WARN_BOOL_CONVERSION = YES;
				CLANG_WARN_CONSTANT_CONVERSION = YES;
				CLANG_WARN_DIRECT_OBJC_ISA_USAGE = YES_ERROR;
				CLANG_WARN_EMPTY_BODY = YES;
				CLANG_WARN_ENUM_CONVERSION = YES;
				CLANG_WARN_INT_CONVERSION = YES;
				CLANG_WARN_OBJC_ROOT_CLASS = YES_ERROR;
				CLANG_WARN_SUSPICIOUS_MOVE = YES;
				CLANG_WARN_UNGUARDED_AVAILABILITY = YES_AGGRESSIVE;
				COPY_PHASE_STRIP = NO;
				ENABLE_NS_ASSERTIONS = YES;
				GCC_C_LANGUAGE_DIALECT = c99;
				GCC_DYNAMIC_NO_PIC = NO;
				GCC_NO_COMMON_BLOCKS = YES;
				GCC_OPTIMIZATION_LEVEL = 0;
				GCC_WARN_64_TO_32_BIT_CONVERSION = YES;
				GCC_WARN_ABOUT_RETURN_TYPE = YES_ERROR;
				GCC_WARN_UNDECLARED_SELECTOR = YES;
				GCC_WARN_UNINITIALIZED_AUTOS = YES_AGGRESSIVE;
				IPHONEOS_DEPLOYMENT_TARGET = 16.0;
				ONLY_ACTIVE_ARCH = YES;
				SDKROOT = iphoneos;
				SWIFT_ACTIVE_COMPILATION_CONDITIONS = DEBUG;
				SWIFT_OPTIMIZATION_LEVEL = "-Onone";
				SWIFT_VERSION = 5.0;
			};
			name = Debug;
		};
		P00000000071 = {
			isa = XCBuildConfiguration;
			buildSettings = {
				ALWAYS_SEARCH_USER_PATHS = NO;
				CLANG_ANALYZER_NONNULL = YES;
				CLANG_CXX_LANGUAGE_DIALECT = "c++17";
				CLANG_CXX_LIBRARY = "libc++";
				CLANG_ENABLE_MODULES = YES;
				CLANG_ENABLE_OBJC_ARC = YES;
				CLANG_WARN_BOOL_CONVERSION = YES;
				CLANG_WARN_CONSTANT_CONVERSION = YES;
				CLANG_WARN_DIRECT_OBJC_ISA_USAGE = YES_ERROR;
				CLANG_WARN_EMPTY_BODY = YES;
				CLANG_WARN_ENUM_CONVERSION = YES;
				CLANG_WARN_INT_CONVERSION = YES;
				CLANG_WARN_OBJC_ROOT_CLASS = YES_ERROR;
				CLANG_WARN_SUSPICIOUS_MOVE = YES;
				CLANG_WARN_UNGUARDED_AVAILABILITY = YES_AGGRESSIVE;
				COPY_PHASE_STRIP = NO;
				ENABLE_NS_ASSERTIONS = NO;
				GCC_C_LANGUAGE_DIALECT = c99;
				GCC_NO_COMMON_BLOCKS = YES;
				GCC_WARN_64_TO_32_BIT_CONVERSION = YES;
				GCC_WARN_ABOUT_RETURN_TYPE = YES_ERROR;
				GCC_WARN_UNDECLARED_SELECTOR = YES;
				GCC_WARN_UNINITIALIZED_AUTOS = YES_AGGRESSIVE;
				IPHONEOS_DEPLOYMENT_TARGET = 16.0;
				SDKROOT = iphoneos;
				SWIFT_COMPILATION_MODE = wholemodule;
				SWIFT_OPTIMIZATION_LEVEL = "-O";
				SWIFT_VERSION = 5.0;
				VALIDATE_PRODUCT = YES;
			};
			name = Release;
		};
		P00000000072 = {
			isa = XCBuildConfiguration;
			buildSettings = {
				ASSETCATALOG_COMPILER_APPICON_NAME = AppIcon;
				ASSETCATALOG_COMPILER_GLOBAL_ACCENT_COLOR_NAME = AccentColor;
				CODE_SIGN_STYLE = Automatic;
				CURRENT_PROJECT_VERSION = 1;
				DEVELOPMENT_TEAM = "";
				INFOPLIST_FILE = Info.plist;
				INFOPLIST_KEY_UIApplicationSceneManifest_Generation = YES;
				INFOPLIST_KEY_UIApplicationSupportsIndirectInputEvents = YES;
				INFOPLIST_KEY_UILaunchScreen_Generation = YES;
				IPHONEOS_DEPLOYMENT_TARGET = 16.0;
				LD_RUNPATH_SEARCH_PATHS = (
					"$(inherited)",
					"@executable_path/Frameworks",
				);
				MARKETING_VERSION = 1.0;
				PRODUCT_BUNDLE_IDENTIFIER = com.koeckeis.dcam;
				PRODUCT_NAME = Dcam;
				SWIFT_VERSION = 5.0;
				TARGETED_DEVICE_FAMILY = 1;
			};
			name = Debug;
		};
		P00000000073 = {
			isa = XCBuildConfiguration;
			buildSettings = {
				ASSETCATALOG_COMPILER_APPICON_NAME = AppIcon;
				ASSETCATALOG_COMPILER_GLOBAL_ACCENT_COLOR_NAME = AccentColor;
				CODE_SIGN_STYLE = Automatic;
				CURRENT_PROJECT_VERSION = 1;
				DEVELOPMENT_TEAM = "";
				INFOPLIST_FILE = Info.plist;
				INFOPLIST_KEY_UIApplicationSceneManifest_Generation = YES;
				INFOPLIST_KEY_UIApplicationSupportsIndirectInputEvents = YES;
				INFOPLIST_KEY_UILaunchScreen_Generation = YES;
				IPHONEOS_DEPLOYMENT_TARGET = 16.0;
				LD_RUNPATH_SEARCH_PATHS = (
					"$(inherited)",
					"@executable_path/Frameworks",
				);
				MARKETING_VERSION = 1.0;
				PRODUCT_BUNDLE_IDENTIFIER = com.koeckeis.dcam;
				PRODUCT_NAME = Dcam;
				SWIFT_VERSION = 5.0;
				TARGETED_DEVICE_FAMILY = 1;
			};
			name = Release;
		};
/* End XCBuildConfiguration section */

/* Begin XCConfigurationList section */
		P00000000062 = {
			isa = XCConfigurationList;
			buildConfigurations = (
				P00000000070,
				P00000000071,
			);
			defaultConfigurationIsVisible = 0;
			defaultConfigurationName = Release;
		};
		P00000000051 = {
			isa = XCConfigurationList;
			buildConfigurations = (
				P00000000072,
				P00000000073,
			);
			defaultConfigurationIsVisible = 0;
			defaultConfigurationName = Release;
		};
/* End XCConfigurationList section */

	};
	rootObject = P00000000061;
}
